
Microsoft Visual Studio Solution File, Format Version 12.00
# Visual Studio Version 16
VisualStudioVersion = 16.0.33130.400
MinimumVisualStudioVersion = 10.0.40219.1
Project("{FAE04EC0-301F-11D3-BF4B-00C04F79EFBC}") = "WebApplication1.Bookstore", "WebApplication1.Bookstore\WebApplication1.Bookstore.csproj", "{AEB37511-A39E-47FF-8D60-418ABCF17474}"
EndProject
Global
	GlobalSection(SolutionConfigurationPlatforms) = preSolution
		Debug|Any CPU = Debug|Any CPU
		Release|Any CPU = Release|Any CPU
	EndGlobalSection
	GlobalSection(ProjectConfigurationPlatforms) = postSolution
		{AEB37511-A39E-47FF-8D60-418ABCF17474}.Debug|Any CPU.ActiveCfg = Debug|Any CPU
		{AEB37511-A39E-47FF-8D60-418ABCF17474}.Debug|Any CPU.Build.0 = Debug|Any CPU
		{AEB37511-A39E-47FF-8D60-418ABCF17474}.Release|Any CPU.ActiveCfg = Release|Any CPU
		{AEB37511-A39E-47FF-8D60-418ABCF17474}.Release|Any CPU.Build.0 = Release|Any CPU
	EndGlobalSection
	GlobalSection(SolutionProperties) = preSolution
		HideSolutionNode = FALSE
	EndGlobalSection
	GlobalSection(ExtensibilityGlobals) = postSolution
		SolutionGuid = {E1AE31A7-4FB3-46BA-913F-5735E6F0E205}
	EndGlobalSection
EndGlobal
